
Microsoft Visual Studio Solution File, Format Version 12.00
# Visual Studio Version 17
VisualStudioVersion = 17.14.36705.20 d17.14
MinimumVisualStudioVersion = 10.0.40219.1
Project("{FAE04EC0-301F-11D3-BF4B-00C04F79EFBC}") = "API.W.Movies", "API.W.Movies\API.W.Movies.csproj", "{875749B9-DB58-4269-A7CF-89E855EFB933}"
EndProject
Global
	GlobalSection(SolutionConfigurationPlatforms) = preSolution
		Debug|Any CPU = Debug|Any CPU
		Release|Any CPU = Release|Any CPU
	EndGlobalSection
	GlobalSection(ProjectConfigurationPlatforms) = postSolution
		{875749B9-DB58-4269-A7CF-89E855EFB933}.Debug|Any CPU.ActiveCfg = Debug|Any CPU
		{875749B9-DB58-4269-A7CF-89E855EFB933}.Debug|Any CPU.Build.0 = Debug|Any CPU
		{875749B9-DB58-4269-A7CF-89E855EFB933}.Release|Any CPU.ActiveCfg = Release|Any CPU
		{875749B9-DB58-4269-A7CF-89E855EFB933}.Release|Any CPU.Build.0 = Release|Any CPU
	EndGlobalSection
	GlobalSection(SolutionProperties) = preSolution
		HideSolutionNode = FALSE
	EndGlobalSection
	GlobalSection(ExtensibilityGlobals) = postSolution
		SolutionGuid = {C4D1DE9D-4D47-4A27-B15D-59D69FC6D7F7}
	EndGlobalSection
EndGlobal
